
Microsoft Visual Studio Solution File, Format Version 12.00
# Visual Studio Version 17
VisualStudioVersion = 17.0.31912.275
MinimumVisualStudioVersion = 10.0.40219.1
Project("{9A19103F-16F7-4668-BE54-9A1E7A4F7556}") = "MyAwesomeApi", "MyAwesomeApi\MyAwesomeApi.csproj", "{2D2AE6DA-2DED-4AEA-A6B5-B87E6CB84562}"
EndProject
Project("{FAE04EC0-301F-11D3-BF4B-00C04F79EFBC}") = "MyAwesomeApi.Tests", "MyAwesomeApi.Tests\MyAwesomeApi.Tests.csproj", "{6B4108EE-88F7-4C97-BA89-B8344B4661E1}"
EndProject
Global
	GlobalSection(SolutionConfigurationPlatforms) = preSolution
		Debug|Any CPU = Debug|Any CPU
		Release|Any CPU = Release|Any CPU
	EndGlobalSection
	GlobalSection(ProjectConfigurationPlatforms) = postSolution
		{2D2AE6DA-2DED-4AEA-A6B5-B87E6CB84562}.Debug|Any CPU.ActiveCfg = Debug|Any CPU
		{2D2AE6DA-2DED-4AEA-A6B5-B87E6CB84562}.Debug|Any CPU.Build.0 = Debug|Any CPU
		{2D2AE6DA-2DED-4AEA-A6B5-B87E6CB84562}.Release|Any CPU.ActiveCfg = Release|Any CPU
		{2D2AE6DA-2DED-4AEA-A6B5-B87E6CB84562}.Release|Any CPU.Build.0 = Release|Any CPU
		{6B4108EE-88F7-4C97-BA89-B8344B4661E1}.Debug|Any CPU.ActiveCfg = Debug|Any CPU
		{6B4108EE-88F7-4C97-BA89-B8344B4661E1}.Debug|Any CPU.Build.0 = Debug|Any CPU
		{6B4108EE-88F7-4C97-BA89-B8344B4661E1}.Release|Any CPU.ActiveCfg = Release|Any CPU
		{6B4108EE-88F7-4C97-BA89-B8344B4661E1}.Release|Any CPU.Build.0 = Release|Any CPU
	EndGlobalSection
	GlobalSection(SolutionProperties) = preSolution
		HideSolutionNode = FALSE
	EndGlobalSection
	GlobalSection(ExtensibilityGlobals) = postSolution
		SolutionGuid = {F8E7D957-92AA-416C-822C-5014C02ECFD4}
	EndGlobalSection
EndGlobal
